// !$*UTF8*$!
{
	archiveVersion = 1;
	classes = {
	};
	objectVersion = 56;
	objects = {

/* Begin PBXBuildFile section */
		CEB6AE2F294DE1FF00C676E6 /* OnlineService_TestTaskApp.swift in Sources */ = {isa = PBXBuildFile; fileRef = CEB6AE2E294DE1FF00C676E6 /* OnlineService_TestTaskApp.swift */; };
		CEB6AE31294DE1FF00C676E6 /* ContentView.swift in Sources */ = {isa = PBXBuildFile; fileRef = CEB6AE30294DE1FF00C676E6 /* ContentView.swift */; };
		CEB6AE33294DE20200C676E6 /* Assets.xcassets in Resources */ = {isa = PBXBuildFile; fileRef = CEB6AE32294DE20200C676E6 /* Assets.xcassets */; };
		CEB6AE36294DE20200C676E6 /* Preview Assets.xcassets in Resources */ = {isa = PBXBuildFile; fileRef = CEB6AE35294DE20200C676E6 /* Preview Assets.xcassets */; };
		CEB6AE43294DE2D300C676E6 /* TabContainerView.swift in Sources */ = {isa = PBXBuildFile; fileRef = CEB6AE42294DE2D300C676E6 /* TabContainerView.swift */; };
		CEB6AE45294DE2F400C676E6 /* HeaderView.swift in Sources */ = {isa = PBXBuildFile; fileRef = CEB6AE44294DE2F400C676E6 /* HeaderView.swift */; };
		CEB6AE47294DE31B00C676E6 /* MainView.swift in Sources */ = {isa = PBXBuildFile; fileRef = CEB6AE46294DE31B00C676E6 /* MainView.swift */; };
		CEB6AE49294DE33900C676E6 /* CatalogSectionView.swift in Sources */ = {isa = PBXBuildFile; fileRef = CEB6AE48294DE33900C676E6 /* CatalogSectionView.swift */; };
		CEB6AE4B294DE35700C676E6 /* PremiumSectionView.swift in Sources */ = {isa = PBXBuildFile; fileRef = CEB6AE4A294DE35700C676E6 /* PremiumSectionView.swift */; };
		CEB6AE4D294DE36B00C676E6 /* CategoriesSectionView.swift in Sources */ = {isa = PBXBuildFile; fileRef = CEB6AE4C294DE36B00C676E6 /* CategoriesSectionView.swift */; };
		CEB6AE4F294DE38500C676E6 /* TabContainerViewModel.swift in Sources */ = {isa = PBXBuildFile; fileRef = CEB6AE4E294DE38500C676E6 /* TabContainerViewModel.swift */; };
		CEB6AE51294DE39400C676E6 /* MainViewModel.swift in Sources */ = {isa = PBXBuildFile; fileRef = CEB6AE50294DE39400C676E6 /* MainViewModel.swift */; };
		CEB6AE53294DE3C000C676E6 /* ApiModel.swift in Sources */ = {isa = PBXBuildFile; fileRef = CEB6AE52294DE3C000C676E6 /* ApiModel.swift */; };
		CEB6AE55294DE3E200C676E6 /* NetworkService.swift in Sources */ = {isa = PBXBuildFile; fileRef = CEB6AE54294DE3E200C676E6 /* NetworkService.swift */; };
		CEB6AE57294DE3F700C676E6 /* LoadImageService.swift in Sources */ = {isa = PBXBuildFile; fileRef = CEB6AE56294DE3F700C676E6 /* LoadImageService.swift */; };
		CEB6AE59294DE40E00C676E6 /* ImageFromURL.swift in Sources */ = {isa = PBXBuildFile; fileRef = CEB6AE58294DE40E00C676E6 /* ImageFromURL.swift */; };
		CEB6AE5B294DE42C00C676E6 /* CacheImages.swift in Sources */ = {isa = PBXBuildFile; fileRef = CEB6AE5A294DE42C00C676E6 /* CacheImages.swift */; };
/* End PBXBuildFile section */

/* Begin PBXFileReference section */
		CEB6AE2B294DE1FF00C676E6 /* OnlineService_TestTask.app */ = {isa = PBXFileReference; explicitFileType = wrapper.application; includeInIndex = 0; path = OnlineService_TestTask.app; sourceTree = BUILT_PRODUCTS_DIR; };
		CEB6AE2E294DE1FF00C676E6 /* OnlineService_TestTaskApp.swift */ = {isa = PBXFileReference; lastKnownFileType = sourcecode.swift; path = OnlineService_TestTaskApp.swift; sourceTree = "<group>"; };
		CEB6AE30294DE1FF00C676E6 /* ContentView.swift */ = {isa = PBXFileReference; lastKnownFileType = sourcecode.swift; path = ContentView.swift; sourceTree = "<group>"; };
		CEB6AE32294DE20200C676E6 /* Assets.xcassets */ = {isa = PBXFileReference; lastKnownFileType = folder.assetcatalog; path = Assets.xcassets; sourceTree = "<group>"; };
		CEB6AE35294DE20200C676E6 /* Preview Assets.xcassets */ = {isa = PBXFileReference; lastKnownFileType = folder.assetcatalog; path = "Preview Assets.xcassets"; sourceTree = "<group>"; };
		CEB6AE42294DE2D300C676E6 /* TabContainerView.swift */ = {isa = PBXFileReference; lastKnownFileType = sourcecode.swift; path = TabContainerView.swift; sourceTree = "<group>"; };
		CEB6AE44294DE2F400C676E6 /* HeaderView.swift */ = {isa = PBXFileReference; lastKnownFileType = sourcecode.swift; path = HeaderView.swift; sourceTree = "<group>"; };
		CEB6AE46294DE31B00C676E6 /* MainView.swift */ = {isa = PBXFileReference; lastKnownFileType = sourcecode.swift; path = MainView.swift; sourceTree = "<group>"; };
		CEB6AE48294DE33900C676E6 /* CatalogSectionView.swift */ = {isa = PBXFileReference; lastKnownFileType = sourcecode.swift; path = CatalogSectionView.swift; sourceTree = "<group>"; };
		CEB6AE4A294DE35700C676E6 /* PremiumSectionView.swift */ = {isa = PBXFileReference; lastKnownFileType = sourcecode.swift; path = PremiumSectionView.swift; sourceTree = "<group>"; };
		CEB6AE4C294DE36B00C676E6 /* CategoriesSectionView.swift */ = {isa = PBXFileReference; lastKnownFileType = sourcecode.swift; path = CategoriesSectionView.swift; sourceTree = "<group>"; };
		CEB6AE4E294DE38500C676E6 /* TabContainerViewModel.swift */ = {isa = PBXFileReference; lastKnownFileType = sourcecode.swift; path = TabContainerViewModel.swift; sourceTree = "<group>"; };
		CEB6AE50294DE39400C676E6 /* MainViewModel.swift */ = {isa = PBXFileReference; lastKnownFileType = sourcecode.swift; path = MainViewModel.swift; sourceTree = "<group>"; };
		CEB6AE52294DE3C000C676E6 /* ApiModel.swift */ = {isa = PBXFileReference; lastKnownFileType = sourcecode.swift; path = ApiModel.swift; sourceTree = "<group>"; };
		CEB6AE54294DE3E200C676E6 /* NetworkService.swift */ = {isa = PBXFileReference; lastKnownFileType = sourcecode.swift; path = NetworkService.swift; sourceTree = "<group>"; };
		CEB6AE56294DE3F700C676E6 /* LoadImageService.swift */ = {isa = PBXFileReference; lastKnownFileType = sourcecode.swift; path = LoadImageService.swift; sourceTree = "<group>"; };
		CEB6AE58294DE40E00C676E6 /* ImageFromURL.swift */ = {isa = PBXFileReference; lastKnownFileType = sourcecode.swift; path = ImageFromURL.swift; sourceTree = "<group>"; };
		CEB6AE5A294DE42C00C676E6 /* CacheImages.swift */ = {isa = PBXFileReference; lastKnownFileType = sourcecode.swift; path = CacheImages.swift; sourceTree = "<group>"; };
/* End PBXFileReference section */

/* Begin PBXFrameworksBuildPhase section */
		CEB6AE28294DE1FF00C676E6 /* Frameworks */ = {
			isa = PBXFrameworksBuildPhase;
			buildActionMask = 2147483647;
			files = (
			);
			runOnlyForDeploymentPostprocessing = 0;
		};
/* End PBXFrameworksBuildPhase section */

/* Begin PBXGroup section */
		CEB6AE22294DE1FF00C676E6 = {
			isa = PBXGroup;
			children = (
				CEB6AE2D294DE1FF00C676E6 /* OnlineService_TestTask */,
				CEB6AE2C294DE1FF00C676E6 /* Products */,
			);
			sourceTree = "<group>";
		};
		CEB6AE2C294DE1FF00C676E6 /* Products */ = {
			isa = PBXGroup;
			children = (
				CEB6AE2B294DE1FF00C676E6 /* OnlineService_TestTask.app */,
			);
			name = Products;
			sourceTree = "<group>";
		};
		CEB6AE2D294DE1FF00C676E6 /* OnlineService_TestTask */ = {
			isa = PBXGroup;
			children = (
				CEB6AE40294DE29800C676E6 /* Model */,
				CEB6AE3F294DE29000C676E6 /* ViewModel */,
				CEB6AE3E294DE28900C676E6 /* View */,
				CEB6AE3D294DE27200C676E6 /* NetworkService */,
				CEB6AE3C294DE26B00C676E6 /* CacheService */,
				CEB6AE2E294DE1FF00C676E6 /* OnlineService_TestTaskApp.swift */,
				CEB6AE32294DE20200C676E6 /* Assets.xcassets */,
				CEB6AE34294DE20200C676E6 /* Preview Content */,
			);
			path = OnlineService_TestTask;
			sourceTree = "<group>";
		};
		CEB6AE34294DE20200C676E6 /* Preview Content */ = {
			isa = PBXGroup;
			children = (
				CEB6AE35294DE20200C676E6 /* Preview Assets.xcassets */,
			);
			path = "Preview Content";
			sourceTree = "<group>";
		};
		CEB6AE3C294DE26B00C676E6 /* CacheService */ = {
			isa = PBXGroup;
			children = (
				CEB6AE5A294DE42C00C676E6 /* CacheImages.swift */,
			);
			path = CacheService;
			sourceTree = "<group>";
		};
		CEB6AE3D294DE27200C676E6 /* NetworkService */ = {
			isa = PBXGroup;
			children = (
				CEB6AE54294DE3E200C676E6 /* NetworkService.swift */,
				CEB6AE56294DE3F700C676E6 /* LoadImageService.swift */,
				CEB6AE58294DE40E00C676E6 /* ImageFromURL.swift */,
			);
			path = NetworkService;
			sourceTree = "<group>";
		};
		CEB6AE3E294DE28900C676E6 /* View */ = {
			isa = PBXGroup;
			children = (
				CEB6AE41294DE2A900C676E6 /* MainSubviews */,
				CEB6AE42294DE2D300C676E6 /* TabContainerView.swift */,
				CEB6AE44294DE2F400C676E6 /* HeaderView.swift */,
				CEB6AE30294DE1FF00C676E6 /* ContentView.swift */,
				CEB6AE46294DE31B00C676E6 /* MainView.swift */,
			);
			path = View;
			sourceTree = "<group>";
		};
		CEB6AE3F294DE29000C676E6 /* ViewModel */ = {
			isa = PBXGroup;
			children = (
				CEB6AE4E294DE38500C676E6 /* TabContainerViewModel.swift */,
				CEB6AE50294DE39400C676E6 /* MainViewModel.swift */,
			);
			path = ViewModel;
			sourceTree = "<group>";
		};
		CEB6AE40294DE29800C676E6 /* Model */ = {
			isa = PBXGroup;
			children = (
				CEB6AE52294DE3C000C676E6 /* ApiModel.swift */,
			);
			path = Model;
			sourceTree = "<group>";
		};
		CEB6AE41294DE2A900C676E6 /* MainSubviews */ = {
			isa = PBXGroup;
			children = (
				CEB6AE48294DE33900C676E6 /* CatalogSectionView.swift */,
				CEB6AE4A294DE35700C676E6 /* PremiumSectionView.swift */,
				CEB6AE4C294DE36B00C676E6 /* CategoriesSectionView.swift */,
			);
			path = MainSubviews;
			sourceTree = "<group>";
		};
/* End PBXGroup section */

/* Begin PBXNativeTarget section */
		CEB6AE2A294DE1FF00C676E6 /* OnlineService_TestTask */ = {
			isa = PBXNativeTarget;
			buildConfigurationList = CEB6AE39294DE20200C676E6 /* Build configuration list for PBXNativeTarget "OnlineService_TestTask" */;
			buildPhases = (
				CEB6AE27294DE1FF00C676E6 /* Sources */,
				CEB6AE28294DE1FF00C676E6 /* Frameworks */,
				CEB6AE29294DE1FF00C676E6 /* Resources */,
			);
			buildRules = (
			);
			dependencies = (
			);
			name = OnlineService_TestTask;
			productName = OnlineService_TestTask;
			productReference = CEB6AE2B294DE1FF00C676E6 /* OnlineService_TestTask.app */;
			productType = "com.apple.product-type.application";
		};
/* End PBXNativeTarget section */

/* Begin PBXProject section */
		CEB6AE23294DE1FF00C676E6 /* Project object */ = {
			isa = PBXProject;
			attributes = {
				BuildIndependentTargetsInParallel = 1;
				LastSwiftUpdateCheck = 1410;
				LastUpgradeCheck = 1410;
				TargetAttributes = {
					CEB6AE2A294DE1FF00C676E6 = {
						CreatedOnToolsVersion = 14.1;
					};
				};
			};
			buildConfigurationList = CEB6AE26294DE1FF00C676E6 /* Build configuration list for PBXProject "OnlineService_TestTask" */;
			compatibilityVersion = "Xcode 14.0";
			developmentRegion = en;
			hasScannedForEncodings = 0;
			knownRegions = (
				en,
				Base,
			);
			mainGroup = CEB6AE22294DE1FF00C676E6;
			productRefGroup = CEB6AE2C294DE1FF00C676E6 /* Products */;
			projectDirPath = "";
			projectRoot = "";
			targets = (
				CEB6AE2A294DE1FF00C676E6 /* OnlineService_TestTask */,
			);
		};
/* End PBXProject section */

/* Begin PBXResourcesBuildPhase section */
		CEB6AE29294DE1FF00C676E6 /* Resources */ = {
			isa = PBXResourcesBuildPhase;
			buildActionMask = 2147483647;
			files = (
				CEB6AE36294DE20200C676E6 /* Preview Assets.xcassets in Resources */,
				CEB6AE33294DE20200C676E6 /* Assets.xcassets in Resources */,
			);
			runOnlyForDeploymentPostprocessing = 0;
		};
/* End PBXResourcesBuildPhase section */

/* Begin PBXSourcesBuildPhase section */
		CEB6AE27294DE1FF00C676E6 /* Sources */ = {
			isa = PBXSourcesBuildPhase;
			buildActionMask = 2147483647;
			files = (
				CEB6AE49294DE33900C676E6 /* CatalogSectionView.swift in Sources */,
				CEB6AE43294DE2D300C676E6 /* TabContainerView.swift in Sources */,
				CEB6AE5B294DE42C00C676E6 /* CacheImages.swift in Sources */,
				CEB6AE31294DE1FF00C676E6 /* ContentView.swift in Sources */,
				CEB6AE4F294DE38500C676E6 /* TabContainerViewModel.swift in Sources */,
				CEB6AE4B294DE35700C676E6 /* PremiumSectionView.swift in Sources */,
				CEB6AE53294DE3C000C676E6 /* ApiModel.swift in Sources */,
				CEB6AE51294DE39400C676E6 /* MainViewModel.swift in Sources */,
				CEB6AE59294DE40E00C676E6 /* ImageFromURL.swift in Sources */,
				CEB6AE4D294DE36B00C676E6 /* CategoriesSectionView.swift in Sources */,
				CEB6AE2F294DE1FF00C676E6 /* OnlineService_TestTaskApp.swift in Sources */,
				CEB6AE47294DE31B00C676E6 /* MainView.swift in Sources */,
				CEB6AE55294DE3E200C676E6 /* NetworkService.swift in Sources */,
				CEB6AE45294DE2F400C676E6 /* HeaderView.swift in Sources */,
				CEB6AE57294DE3F700C676E6 /* LoadImageService.swift in Sources */,
			);
			runOnlyForDeploymentPostprocessing = 0;
		};
/* End PBXSourcesBuildPhase section */

/* Begin XCBuildConfiguration section */
		CEB6AE37294DE20200C676E6 /* Debug */ = {
			isa = XCBuildConfiguration;
			buildSettings = {
				ALWAYS_SEARCH_USER_PATHS = NO;
				CLANG_ANALYZER_NONNULL = YES;
				CLANG_ANALYZER_NUMBER_OBJECT_CONVERSION = YES_AGGRESSIVE;
				CLANG_CXX_LANGUAGE_STANDARD = "gnu++20";
				CLANG_ENABLE_MODULES = YES;
				CLANG_ENABLE_OBJC_ARC = YES;
				CLANG_ENABLE_OBJC_WEAK = YES;
				CLANG_WARN_BLOCK_CAPTURE_AUTORELEASING = YES;
				CLANG_WARN_BOOL_CONVERSION = YES;
				CLANG_WARN_COMMA = YES;
				CLANG_WARN_CONSTANT_CONVERSION = YES;
				CLANG_WARN_DEPRECATED_OBJC_IMPLEMENTATIONS = YES;
				CLANG_WARN_DIRECT_OBJC_ISA_USAGE = YES_ERROR;
				CLANG_WARN_DOCUMENTATION_COMMENTS = YES;
				CLANG_WARN_EMPTY_BODY = YES;
				CLANG_WARN_ENUM_CONVERSION = YES;
				CLANG_WARN_INFINITE_RECURSION = YES;
				CLANG_WARN_INT_CONVERSION = YES;
				CLANG_WARN_NON_LITERAL_NULL_CONVERSION = YES;
				CLANG_WARN_OBJC_IMPLICIT_RETAIN_SELF = YES;
				CLANG_WARN_OBJC_LITERAL_CONVERSION = YES;
				CLANG_WARN_OBJC_ROOT_CLASS = YES_ERROR;
				CLANG_WARN_QUOTED_INCLUDE_IN_FRAMEWORK_HEADER = YES;
				CLANG_WARN_RANGE_LOOP_ANALYSIS = YES;
				CLANG_WARN_STRICT_PROTOTYPES = YES;
				CLANG_WARN_SUSPICIOUS_MOVE = YES;
				CLANG_WARN_UNGUARDED_AVAILABILITY = YES_AGGRESSIVE;
				CLANG_WARN_UNREACHABLE_CODE = YES;
				CLANG_WARN__DUPLICATE_METHOD_MATCH = YES;
				COPY_PHASE_STRIP = NO;
				DEBUG_INFORMATION_FORMAT = dwarf;
				ENABLE_STRICT_OBJC_MSGSEND = YES;
				ENABLE_TESTABILITY = YES;
				GCC_C_LANGUAGE_STANDARD = gnu11;
				GCC_DYNAMIC_NO_PIC = NO;
				GCC_NO_COMMON_BLOCKS = YES;
				GCC_OPTIMIZATION_LEVEL = 0;
				GCC_PREPROCESSOR_DEFINITIONS = (
					"DEBUG=1",
					"$(inherited)",
				);
				GCC_WARN_64_TO_32_BIT_CONVERSION = YES;
				GCC_WARN_ABOUT_RETURN_TYPE = YES_ERROR;
				GCC_WARN_UNDECLARED_SELECTOR = YES;
				GCC_WARN_UNINITIALIZED_AUTOS = YES_AGGRESSIVE;
				GCC_WARN_UNUSED_FUNCTION = YES;
				GCC_WARN_UNUSED_VARIABLE = YES;
				IPHONEOS_DEPLOYMENT_TARGET = 16.1;
				MTL_ENABLE_DEBUG_INFO = INCLUDE_SOURCE;
				MTL_FAST_MATH = YES;
				ONLY_ACTIVE_ARCH = YES;
				SDKROOT = iphoneos;
				SWIFT_ACTIVE_COMPILATION_CONDITIONS = DEBUG;
				SWIFT_OPTIMIZATION_LEVEL = "-Onone";
			};
			name = Debug;
		};
		CEB6AE38294DE20200C676E6 /* Release */ = {
			isa = XCBuildConfiguration;
			buildSettings = {
				ALWAYS_SEARCH_USER_PATHS = NO;
				CLANG_ANALYZER_NONNULL = YES;
				CLANG_ANALYZER_NUMBER_OBJECT_CONVERSION = YES_AGGRESSIVE;
				CLANG_CXX_LANGUAGE_STANDARD = "gnu++20";
				CLANG_ENABLE_MODULES = YES;
				CLANG_ENABLE_OBJC_ARC = YES;
				CLANG_ENABLE_OBJC_WEAK = YES;
				CLANG_WARN_BLOCK_CAPTURE_AUTORELEASING = YES;
				CLANG_WARN_BOOL_CONVERSION = YES;
				CLANG_WARN_COMMA = YES;
				CLANG_WARN_CONSTANT_CONVERSION = YES;
				CLANG_WARN_DEPRECATED_OBJC_IMPLEMENTATIONS = YES;
				CLANG_WARN_DIRECT_OBJC_ISA_USAGE = YES_ERROR;
				CLANG_WARN_DOCUMENTATION_COMMENTS = YES;
				CLANG_WARN_EMPTY_BODY = YES;
				CLANG_WARN_ENUM_CONVERSION = YES;
				CLANG_WARN_INFINITE_RECURSION = YES;
				CLANG_WARN_INT_CONVERSION = YES;
				CLANG_WARN_NON_LITERAL_NULL_CONVERSION = YES;
				CLANG_WARN_OBJC_IMPLICIT_RETAIN_SELF = YES;
				CLANG_WARN_OBJC_LITERAL_CONVERSION = YES;
				CLANG_WARN_OBJC_ROOT_CLASS = YES_ERROR;
				CLANG_WARN_QUOTED_INCLUDE_IN_FRAMEWORK_HEADER = YES;
				CLANG_WARN_RANGE_LOOP_ANALYSIS = YES;
				CLANG_WARN_STRICT_PROTOTYPES = YES;
				CLANG_WARN_SUSPICIOUS_MOVE = YES;
				CLANG_WARN_UNGUARDED_AVAILABILITY = YES_AGGRESSIVE;
				CLANG_WARN_UNREACHABLE_CODE = YES;
				CLANG_WARN__DUPLICATE_METHOD_MATCH = YES;
				COPY_PHASE_STRIP = NO;
				DEBUG_INFORMATION_FORMAT = "dwarf-with-dsym";
				ENABLE_NS_ASSERTIONS = NO;
				ENABLE_STRICT_OBJC_MSGSEND = YES;
				GCC_C_LANGUAGE_STANDARD = gnu11;
				GCC_NO_COMMON_BLOCKS = YES;
				GCC_WARN_64_TO_32_BIT_CONVERSION = YES;
				GCC_WARN_ABOUT_RETURN_TYPE = YES_ERROR;
				GCC_WARN_UNDECLARED_SELECTOR = YES;
				GCC_WARN_UNINITIALIZED_AUTOS = YES_AGGRESSIVE;
				GCC_WARN_UNUSED_FUNCTION = YES;
				GCC_WARN_UNUSED_VARIABLE = YES;
				IPHONEOS_DEPLOYMENT_TARGET = 16.1;
				MTL_ENABLE_DEBUG_INFO = NO;
				MTL_FAST_MATH = YES;
				SDKROOT = iphoneos;
				SWIFT_COMPILATION_MODE = wholemodule;
				SWIFT_OPTIMIZATION_LEVEL = "-O";
				VALIDATE_PRODUCT = YES;
			};
			name = Release;
		};
		CEB6AE3A294DE20200C676E6 /* Debug */ = {
			isa = XCBuildConfiguration;
			buildSettings = {
				ASSETCATALOG_COMPILER_APPICON_NAME = AppIcon;
				ASSETCATALOG_COMPILER_GLOBAL_ACCENT_COLOR_NAME = AccentColor;
				CODE_SIGN_STYLE = Automatic;
				CURRENT_PROJECT_VERSION = 1;
				DEVELOPMENT_ASSET_PATHS = "\"OnlineService_TestTask/Preview Content\"";
				DEVELOPMENT_TEAM = 7PAYMRGF6V;
				ENABLE_PREVIEWS = YES;
				GENERATE_INFOPLIST_FILE = YES;
				INFOPLIST_KEY_UIApplicationSceneManifest_Generation = YES;
				INFOPLIST_KEY_UIApplicationSupportsIndirectInputEvents = YES;
				INFOPLIST_KEY_UILaunchScreen_Generation = YES;
				INFOPLIST_KEY_UISupportedInterfaceOrientations_iPad = "UIInterfaceOrientationPortrait UIInterfaceOrientationPortraitUpsideDown UIInterfaceOrientationLandscapeLeft UIInterfaceOrientationLandscapeRight";
				INFOPLIST_KEY_UISupportedInterfaceOrientations_iPhone = "UIInterfaceOrientationPortrait UIInterfaceOrientationLandscapeLeft UIInterfaceOrientationLandscapeRight";
				LD_RUNPATH_SEARCH_PATHS = (
					"$(inherited)",
					"@executable_path/Frameworks",
				);
				MARKETING_VERSION = 1.0;
				PRODUCT_BUNDLE_IDENTIFIER = "SPA.OnlineService-TestTask";
				PRODUCT_NAME = "$(TARGET_NAME)";
				SWIFT_EMIT_LOC_STRINGS = YES;
				SWIFT_VERSION = 5.0;
				TARGETED_DEVICE_FAMILY = "1,2";
			};
			name = Debug;
		};
		CEB6AE3B294DE20200C676E6 /* Release */ = {
			isa = XCBuildConfiguration;
			buildSettings = {
				ASSETCATALOG_COMPILER_APPICON_NAME = AppIcon;
				ASSETCATALOG_COMPILER_GLOBAL_ACCENT_COLOR_NAME = AccentColor;
				CODE_SIGN_STYLE = Automatic;
				CURRENT_PROJECT_VERSION = 1;
				DEVELOPMENT_ASSET_PATHS = "\"OnlineService_TestTask/Preview Content\"";
				DEVELOPMENT_TEAM = 7PAYMRGF6V;
				ENABLE_PREVIEWS = YES;
				GENERATE_INFOPLIST_FILE = YES;
				INFOPLIST_KEY_UIApplicationSceneManifest_Generation = YES;
				INFOPLIST_KEY_UIApplicationSupportsIndirectInputEvents = YES;
				INFOPLIST_KEY_UILaunchScreen_Generation = YES;
				INFOPLIST_KEY_UISupportedInterfaceOrientations_iPad = "UIInterfaceOrientationPortrait UIInterfaceOrientationPortraitUpsideDown UIInterfaceOrientationLandscapeLeft UIInterfaceOrientationLandscapeRight";
				INFOPLIST_KEY_UISupportedInterfaceOrientations_iPhone = "UIInterfaceOrientationPortrait UIInterfaceOrientationLandscapeLeft UIInterfaceOrientationLandscapeRight";
				LD_RUNPATH_SEARCH_PATHS = (
					"$(inherited)",
					"@executable_path/Frameworks",
				);
				MARKETING_VERSION = 1.0;
				PRODUCT_BUNDLE_IDENTIFIER = "SPA.OnlineService-TestTask";
				PRODUCT_NAME = "$(TARGET_NAME)";
				SWIFT_EMIT_LOC_STRINGS = YES;
				SWIFT_VERSION = 5.0;
				TARGETED_DEVICE_FAMILY = "1,2";
			};
			name = Release;
		};
/* End XCBuildConfiguration section */

/* Begin XCConfigurationList section */
		CEB6AE26294DE1FF00C676E6 /* Build configuration list for PBXProject "OnlineService_TestTask" */ = {
			isa = XCConfigurationList;
			buildConfigurations = (
				CEB6AE37294DE20200C676E6 /* Debug */,
				CEB6AE38294DE20200C676E6 /* Release */,
			);
			defaultConfigurationIsVisible = 0;
			defaultConfigurationName = Release;
		};
		CEB6AE39294DE20200C676E6 /* Build configuration list for PBXNativeTarget "OnlineService_TestTask" */ = {
			isa = XCConfigurationList;
			buildConfigurations = (
				CEB6AE3A294DE20200C676E6 /* Debug */,
				CEB6AE3B294DE20200C676E6 /* Release */,
			);
			defaultConfigurationIsVisible = 0;
			defaultConfigurationName = Release;
		};
/* End XCConfigurationList section */
	};
	rootObject = CEB6AE23294DE1FF00C676E6 /* Project object */;
}
